
Microsoft Visual Studio Solution File, Format Version 12.00
# Visual Studio 15
VisualStudioVersion = 15.0.26730.16
MinimumVisualStudioVersion = 10.0.40219.1
Project("{FAE04EC0-301F-11D3-BF4B-00C04F79EFBC}") = "Popcorn", "Popcorn\Popcorn.csproj", "{5BFADF51-CE11-45CF-8E36-DC9DC061C274}"
EndProject
Project("{FAE04EC0-301F-11D3-BF4B-00C04F79EFBC}") = "Popcorn.Tests", "Popcorn.Tests\Popcorn.Tests.csproj", "{A482F82D-8500-42C8-B433-2E21AF9B89F3}"
EndProject
Project("{FAE04EC0-301F-11D3-BF4B-00C04F79EFBC}") = "Popcorn.Utils", "Popcorn.Utils\Popcorn.Utils.csproj", "{094A69CE-C69E-4EF0-9321-BA16F7A89080}"
EndProject
Project("{FAE04EC0-301F-11D3-BF4B-00C04F79EFBC}") = "Popcorn.OSDB", "Popcorn.OSDB\Popcorn.OSDB.csproj", "{49C78F88-912B-49A2-935D-B9AEBE07011A}"
EndProject
Project("{FAE04EC0-301F-11D3-BF4B-00C04F79EFBC}") = "Popcorn.Spinner", "Popcorn.Spinner\Popcorn.Spinner.csproj", "{E49229CC-D702-478F-90E0-6E1A284272F6}"
EndProject
Project("{FAE04EC0-301F-11D3-BF4B-00C04F79EFBC}") = "Popcorn.YTVideoProvider", "Popcorn.YTVideoProvider\Popcorn.YTVideoProvider.csproj", "{5617BEF3-671D-4705-AD37-EB2C290C6E04}"
EndProject
Project("{FAE04EC0-301F-11D3-BF4B-00C04F79EFBC}") = "Popcorn.Markdown", "Popcorn.Markdown\Popcorn.Markdown.csproj", "{34186C3B-C308-4CAE-B462-DB7B5F5E378C}"
EndProject
Project("{FAE04EC0-301F-11D3-BF4B-00C04F79EFBC}") = "Popcorn.ColorPicker", "Popcorn.ColorPicker\Popcorn.ColorPicker.csproj", "{059DC6C7-59C6-4ADF-8960-976A02E7498E}"
EndProject
Project("{FAE04EC0-301F-11D3-BF4B-00C04F79EFBC}") = "Popcorn.ColorPickerControls", "Popcorn.ColorPickerControls\Popcorn.ColorPickerControls.csproj", "{02E6C16F-757F-44AC-BE66-C0D79C0EBE0B}"
EndProject
Project("{FAE04EC0-301F-11D3-BF4B-00C04F79EFBC}") = "Popcorn.Chromecast", "Popcorn.Chromecast\Popcorn.Chromecast.csproj", "{E59CEB48-8F9B-4EAF-B20F-F70202F08290}"
EndProject
Project("{FAE04EC0-301F-11D3-BF4B-00C04F79EFBC}") = "Popcorn.Handler", "Popcorn.Handler\Popcorn.Handler.csproj", "{626FF666-02AC-414C-A2FC-8A60B6692006}"
EndProject
Project("{FAE04EC0-301F-11D3-BF4B-00C04F79EFBC}") = "Popcorn.Adorners", "Popcorn.Adorners\Popcorn.Adorners.csproj", "{9D7B857D-71E4-42CD-ADCE-F9B2DEC1BB52}"
EndProject
Global
	GlobalSection(SolutionConfigurationPlatforms) = preSolution
		Analysis|Any CPU = Analysis|Any CPU
		Analysis|x86 = Analysis|x86
		Debug|Any CPU = Debug|Any CPU
		Debug|x86 = Debug|x86
		Release|Any CPU = Release|Any CPU
		Release|x86 = Release|x86
	EndGlobalSection
	GlobalSection(ProjectConfigurationPlatforms) = postSolution
		{5BFADF51-CE11-45CF-8E36-DC9DC061C274}.Analysis|Any CPU.ActiveCfg = Debug|x86
		{5BFADF51-CE11-45CF-8E36-DC9DC061C274}.Analysis|Any CPU.Build.0 = Debug|x86
		{5BFADF51-CE11-45CF-8E36-DC9DC061C274}.Analysis|x86.ActiveCfg = Release|x86
		{5BFADF51-CE11-45CF-8E36-DC9DC061C274}.Analysis|x86.Build.0 = Release|x86
		{5BFADF51-CE11-45CF-8E36-DC9DC061C274}.Debug|Any CPU.ActiveCfg = Debug|x86
		{5BFADF51-CE11-45CF-8E36-DC9DC061C274}.Debug|x86.ActiveCfg = Debug|x86
		{5BFADF51-CE11-45CF-8E36-DC9DC061C274}.Debug|x86.Build.0 = Debug|x86
		{5BFADF51-CE11-45CF-8E36-DC9DC061C274}.Release|Any CPU.ActiveCfg = Release|x86
		{5BFADF51-CE11-45CF-8E36-DC9DC061C274}.Release|x86.ActiveCfg = Release|x86
		{5BFADF51-CE11-45CF-8E36-DC9DC061C274}.Release|x86.Build.0 = Release|x86
		{A482F82D-8500-42C8-B433-2E21AF9B89F3}.Analysis|Any CPU.ActiveCfg = Debug|x86
		{A482F82D-8500-42C8-B433-2E21AF9B89F3}.Analysis|Any CPU.Build.0 = Debug|x86
		{A482F82D-8500-42C8-B433-2E21AF9B89F3}.Analysis|x86.ActiveCfg = Release|x86
		{A482F82D-8500-42C8-B433-2E21AF9B89F3}.Analysis|x86.Build.0 = Release|x86
		{A482F82D-8500-42C8-B433-2E21AF9B89F3}.Debug|Any CPU.ActiveCfg = Debug|x86
		{A482F82D-8500-42C8-B433-2E21AF9B89F3}.Debug|x86.ActiveCfg = Debug|x86
		{A482F82D-8500-42C8-B433-2E21AF9B89F3}.Debug|x86.Build.0 = Debug|x86
		{A482F82D-8500-42C8-B433-2E21AF9B89F3}.Release|Any CPU.ActiveCfg = Release|x86
		{A482F82D-8500-42C8-B433-2E21AF9B89F3}.Release|x86.ActiveCfg = Release|x86
		{A482F82D-8500-42C8-B433-2E21AF9B89F3}.Release|x86.Build.0 = Release|x86
		{094A69CE-C69E-4EF0-9321-BA16F7A89080}.Analysis|Any CPU.ActiveCfg = Debug|x86
		{094A69CE-C69E-4EF0-9321-BA16F7A89080}.Analysis|Any CPU.Build.0 = Debug|x86
		{094A69CE-C69E-4EF0-9321-BA16F7A89080}.Analysis|x86.ActiveCfg = Release|x86
		{094A69CE-C69E-4EF0-9321-BA16F7A89080}.Analysis|x86.Build.0 = Release|x86
		{094A69CE-C69E-4EF0-9321-BA16F7A89080}.Debug|Any CPU.ActiveCfg = Debug|x86
		{094A69CE-C69E-4EF0-9321-BA16F7A89080}.Debug|x86.ActiveCfg = Debug|x86
		{094A69CE-C69E-4EF0-9321-BA16F7A89080}.Debug|x86.Build.0 = Debug|x86
		{094A69CE-C69E-4EF0-9321-BA16F7A89080}.Release|Any CPU.ActiveCfg = Release|x86
		{094A69CE-C69E-4EF0-9321-BA16F7A89080}.Release|x86.ActiveCfg = Release|x86
		{094A69CE-C69E-4EF0-9321-BA16F7A89080}.Release|x86.Build.0 = Release|x86
		{49C78F88-912B-49A2-935D-B9AEBE07011A}.Analysis|Any CPU.ActiveCfg = Debug|x86
		{49C78F88-912B-49A2-935D-B9AEBE07011A}.Analysis|Any CPU.Build.0 = Debug|x86
		{49C78F88-912B-49A2-935D-B9AEBE07011A}.Analysis|x86.ActiveCfg = Release|x86
		{49C78F88-912B-49A2-935D-B9AEBE07011A}.Analysis|x86.Build.0 = Release|x86
		{49C78F88-912B-49A2-935D-B9AEBE07011A}.Debug|Any CPU.ActiveCfg = Debug|x86
		{49C78F88-912B-49A2-935D-B9AEBE07011A}.Debug|x86.ActiveCfg = Debug|x86
		{49C78F88-912B-49A2-935D-B9AEBE07011A}.Debug|x86.Build.0 = Debug|x86
		{49C78F88-912B-49A2-935D-B9AEBE07011A}.Release|Any CPU.ActiveCfg = Release|x86
		{49C78F88-912B-49A2-935D-B9AEBE07011A}.Release|x86.ActiveCfg = Release|x86
		{49C78F88-912B-49A2-935D-B9AEBE07011A}.Release|x86.Build.0 = Release|x86
		{E49229CC-D702-478F-90E0-6E1A284272F6}.Analysis|Any CPU.ActiveCfg = Debug|x86
		{E49229CC-D702-478F-90E0-6E1A284272F6}.Analysis|Any CPU.Build.0 = Debug|x86
		{E49229CC-D702-478F-90E0-6E1A284272F6}.Analysis|x86.ActiveCfg = Release|x86
		{E49229CC-D702-478F-90E0-6E1A284272F6}.Analysis|x86.Build.0 = Release|x86
		{E49229CC-D702-478F-90E0-6E1A284272F6}.Debug|Any CPU.ActiveCfg = Debug|x86
		{E49229CC-D702-478F-90E0-6E1A284272F6}.Debug|x86.ActiveCfg = Debug|x86
		{E49229CC-D702-478F-90E0-6E1A284272F6}.Debug|x86.Build.0 = Debug|x86
		{E49229CC-D702-478F-90E0-6E1A284272F6}.Release|Any CPU.ActiveCfg = Release|x86
		{E49229CC-D702-478F-90E0-6E1A284272F6}.Release|x86.ActiveCfg = Release|x86
		{E49229CC-D702-478F-90E0-6E1A284272F6}.Release|x86.Build.0 = Release|x86
		{5617BEF3-671D-4705-AD37-EB2C290C6E04}.Analysis|Any CPU.ActiveCfg = Debug|x86
		{5617BEF3-671D-4705-AD37-EB2C290C6E04}.Analysis|Any CPU.Build.0 = Debug|x86
		{5617BEF3-671D-4705-AD37-EB2C290C6E04}.Analysis|x86.ActiveCfg = Release|x86
		{5617BEF3-671D-4705-AD37-EB2C290C6E04}.Analysis|x86.Build.0 = Release|x86
		{5617BEF3-671D-4705-AD37-EB2C290C6E04}.Debug|Any CPU.ActiveCfg = Debug|x86
		{5617BEF3-671D-4705-AD37-EB2C290C6E04}.Debug|x86.ActiveCfg = Debug|x86
		{5617BEF3-671D-4705-AD37-EB2C290C6E04}.Debug|x86.Build.0 = Debug|x86
		{5617BEF3-671D-4705-AD37-EB2C290C6E04}.Release|Any CPU.ActiveCfg = Release|x86
		{5617BEF3-671D-4705-AD37-EB2C290C6E04}.Release|x86.ActiveCfg = Release|x86
		{5617BEF3-671D-4705-AD37-EB2C290C6E04}.Release|x86.Build.0 = Release|x86
		{34186C3B-C308-4CAE-B462-DB7B5F5E378C}.Analysis|Any CPU.ActiveCfg = Analysis|x86
		{34186C3B-C308-4CAE-B462-DB7B5F5E378C}.Analysis|x86.ActiveCfg = Analysis|x86
		{34186C3B-C308-4CAE-B462-DB7B5F5E378C}.Analysis|x86.Build.0 = Analysis|x86
		{34186C3B-C308-4CAE-B462-DB7B5F5E378C}.Debug|Any CPU.ActiveCfg = Debug|x86
		{34186C3B-C308-4CAE-B462-DB7B5F5E378C}.Debug|x86.ActiveCfg = Debug|x86
		{34186C3B-C308-4CAE-B462-DB7B5F5E378C}.Debug|x86.Build.0 = Debug|x86
		{34186C3B-C308-4CAE-B462-DB7B5F5E378C}.Release|Any CPU.ActiveCfg = Release|x86
		{34186C3B-C308-4CAE-B462-DB7B5F5E378C}.Release|x86.ActiveCfg = Release|x86
		{34186C3B-C308-4CAE-B462-DB7B5F5E378C}.Release|x86.Build.0 = Release|x86
		{059DC6C7-59C6-4ADF-8960-976A02E7498E}.Analysis|Any CPU.ActiveCfg = Release|x86
		{059DC6C7-59C6-4ADF-8960-976A02E7498E}.Analysis|Any CPU.Build.0 = Release|x86
		{059DC6C7-59C6-4ADF-8960-976A02E7498E}.Analysis|x86.ActiveCfg = Debug|x86
		{059DC6C7-59C6-4ADF-8960-976A02E7498E}.Debug|Any CPU.ActiveCfg = Debug|x86
		{059DC6C7-59C6-4ADF-8960-976A02E7498E}.Debug|x86.ActiveCfg = Debug|x86
		{059DC6C7-59C6-4ADF-8960-976A02E7498E}.Debug|x86.Build.0 = Debug|x86
		{059DC6C7-59C6-4ADF-8960-976A02E7498E}.Release|Any CPU.ActiveCfg = Release|x86
		{059DC6C7-59C6-4ADF-8960-976A02E7498E}.Release|x86.ActiveCfg = Debug|x86
		{059DC6C7-59C6-4ADF-8960-976A02E7498E}.Release|x86.Build.0 = Debug|x86
		{02E6C16F-757F-44AC-BE66-C0D79C0EBE0B}.Analysis|Any CPU.ActiveCfg = Release|x86
		{02E6C16F-757F-44AC-BE66-C0D79C0EBE0B}.Analysis|Any CPU.Build.0 = Release|x86
		{02E6C16F-757F-44AC-BE66-C0D79C0EBE0B}.Analysis|x86.ActiveCfg = Debug|x86
		{02E6C16F-757F-44AC-BE66-C0D79C0EBE0B}.Debug|Any CPU.ActiveCfg = Debug|x86
		{02E6C16F-757F-44AC-BE66-C0D79C0EBE0B}.Debug|x86.ActiveCfg = Debug|x86
		{02E6C16F-757F-44AC-BE66-C0D79C0EBE0B}.Debug|x86.Build.0 = Debug|x86
		{02E6C16F-757F-44AC-BE66-C0D79C0EBE0B}.Release|Any CPU.ActiveCfg = Release|x86
		{02E6C16F-757F-44AC-BE66-C0D79C0EBE0B}.Release|x86.ActiveCfg = Debug|x86
		{02E6C16F-757F-44AC-BE66-C0D79C0EBE0B}.Release|x86.Build.0 = Debug|x86
		{E59CEB48-8F9B-4EAF-B20F-F70202F08290}.Analysis|Any CPU.ActiveCfg = Debug|x86
		{E59CEB48-8F9B-4EAF-B20F-F70202F08290}.Analysis|Any CPU.Build.0 = Debug|x86
		{E59CEB48-8F9B-4EAF-B20F-F70202F08290}.Analysis|x86.ActiveCfg = Release|x86
		{E59CEB48-8F9B-4EAF-B20F-F70202F08290}.Analysis|x86.Build.0 = Release|x86
		{E59CEB48-8F9B-4EAF-B20F-F70202F08290}.Debug|Any CPU.ActiveCfg = Debug|x86
		{E59CEB48-8F9B-4EAF-B20F-F70202F08290}.Debug|x86.ActiveCfg = Debug|x86
		{E59CEB48-8F9B-4EAF-B20F-F70202F08290}.Debug|x86.Build.0 = Debug|x86
		{E59CEB48-8F9B-4EAF-B20F-F70202F08290}.Release|Any CPU.ActiveCfg = Release|x86
		{E59CEB48-8F9B-4EAF-B20F-F70202F08290}.Release|x86.ActiveCfg = Release|x86
		{E59CEB48-8F9B-4EAF-B20F-F70202F08290}.Release|x86.Build.0 = Release|x86
		{626FF666-02AC-414C-A2FC-8A60B6692006}.Analysis|Any CPU.ActiveCfg = Debug|x86
		{626FF666-02AC-414C-A2FC-8A60B6692006}.Analysis|Any CPU.Build.0 = Debug|x86
		{626FF666-02AC-414C-A2FC-8A60B6692006}.Analysis|x86.ActiveCfg = Release|x86
		{626FF666-02AC-414C-A2FC-8A60B6692006}.Analysis|x86.Build.0 = Release|x86
		{626FF666-02AC-414C-A2FC-8A60B6692006}.Debug|Any CPU.ActiveCfg = Debug|x86
		{626FF666-02AC-414C-A2FC-8A60B6692006}.Debug|x86.ActiveCfg = Debug|x86
		{626FF666-02AC-414C-A2FC-8A60B6692006}.Debug|x86.Build.0 = Debug|x86
		{626FF666-02AC-414C-A2FC-8A60B6692006}.Release|Any CPU.ActiveCfg = Release|x86
		{626FF666-02AC-414C-A2FC-8A60B6692006}.Release|x86.ActiveCfg = Release|x86
		{626FF666-02AC-414C-A2FC-8A60B6692006}.Release|x86.Build.0 = Release|x86
		{9D7B857D-71E4-42CD-ADCE-F9B2DEC1BB52}.Analysis|Any CPU.ActiveCfg = Release|x86
		{9D7B857D-71E4-42CD-ADCE-F9B2DEC1BB52}.Analysis|Any CPU.Build.0 = Release|x86
		{9D7B857D-71E4-42CD-ADCE-F9B2DEC1BB52}.Analysis|x86.ActiveCfg = Release|x86
		{9D7B857D-71E4-42CD-ADCE-F9B2DEC1BB52}.Analysis|x86.Build.0 = Release|x86
		{9D7B857D-71E4-42CD-ADCE-F9B2DEC1BB52}.Debug|Any CPU.ActiveCfg = Debug|x86
		{9D7B857D-71E4-42CD-ADCE-F9B2DEC1BB52}.Debug|x86.ActiveCfg = Debug|x86
		{9D7B857D-71E4-42CD-ADCE-F9B2DEC1BB52}.Debug|x86.Build.0 = Debug|x86
		{9D7B857D-71E4-42CD-ADCE-F9B2DEC1BB52}.Release|Any CPU.ActiveCfg = Release|x86
		{9D7B857D-71E4-42CD-ADCE-F9B2DEC1BB52}.Release|x86.ActiveCfg = Release|x86
		{9D7B857D-71E4-42CD-ADCE-F9B2DEC1BB52}.Release|x86.Build.0 = Release|x86
	EndGlobalSection
	GlobalSection(SolutionProperties) = preSolution
		HideSolutionNode = FALSE
	EndGlobalSection
	GlobalSection(ExtensibilityGlobals) = postSolution
		SolutionGuid = {DE11272C-CAE5-46F2-8702-45817E411826}
	EndGlobalSection
EndGlobal
